
Microsoft Visual Studio Solution File, Format Version 12.00
# Visual Studio Version 16
VisualStudioVersion = 16.0.31624.102
MinimumVisualStudioVersion = 10.0.40219.1
Project("{FAE04EC0-301F-11D3-BF4B-00C04F79EFBC}") = "PracticaLINQ", "PracticaLINQ\PracticaLINQ.csproj", "{1AC38E3A-0E03-4165-98E2-B251E52D3BCD}"
EndProject
Global
	GlobalSection(SolutionConfigurationPlatforms) = preSolution
		Debug|Any CPU = Debug|Any CPU
		Release|Any CPU = Release|Any CPU
	EndGlobalSection
	GlobalSection(ProjectConfigurationPlatforms) = postSolution
		{1AC38E3A-0E03-4165-98E2-B251E52D3BCD}.Debug|Any CPU.ActiveCfg = Debug|Any CPU
		{1AC38E3A-0E03-4165-98E2-B251E52D3BCD}.Debug|Any CPU.Build.0 = Debug|Any CPU
		{1AC38E3A-0E03-4165-98E2-B251E52D3BCD}.Release|Any CPU.ActiveCfg = Release|Any CPU
		{1AC38E3A-0E03-4165-98E2-B251E52D3BCD}.Release|Any CPU.Build.0 = Release|Any CPU
	EndGlobalSection
	GlobalSection(SolutionProperties) = preSolution
		HideSolutionNode = FALSE
	EndGlobalSection
	GlobalSection(ExtensibilityGlobals) = postSolution
		SolutionGuid = {06DEAEC9-BA50-4B30-8C02-0CF5DE4E85A4}
	EndGlobalSection
EndGlobal
